// !$*UTF8*$!
{
	archiveVersion = 1;
	classes = {
	};
	objectVersion = 56;
	objects = {

/* Begin PBXBuildFile section */
		7DE5BDF8151A4AE1BC5C7A7363F345F0 /* StockupApp.swift in Sources */ = {isa = PBXBuildFile; fileRef = BCDAECC26256419EAED35D045396F691 /* StockupApp.swift */; };
		B76205E46ACA4ECCA6F2D1104C8492CB /* ContentView.swift in Sources */ = {isa = PBXBuildFile; fileRef = 2A3E64B597E8440192CF4397172243C8 /* ContentView.swift */; };
		64C2747A383540BA848E309F5CA08F1D /* StockRowView.swift in Sources */ = {isa = PBXBuildFile; fileRef = 372179EEF35047FBB8E7A247FD348DB1 /* StockRowView.swift */; };
		123F0606C927427DBE4C53C7A937C418 /* Stock.swift in Sources */ = {isa = PBXBuildFile; fileRef = 59FDCD56BEC0461C903B1040FD20081A /* Stock.swift */; };
		F2105E945A4F439FA033DC44AC1216A3 /* StockViewModel.swift in Sources */ = {isa = PBXBuildFile; fileRef = CD89DABF6694445F8F9DB9B772288E6F /* StockViewModel.swift */; };
		9AB5F49DD00C41E79595DB077069BF53 /* Stockup.app in Products */ = {isa = PBXBuildFile; fileRef = 9AB5F49DD00C41E79595DB077069BF53 /* Stockup.app */; };
/* End PBXBuildFile section */

/* Begin PBXFileReference section */
		9AB5F49DD00C41E79595DB077069BF53 /* Stockup.app */ = {isa = PBXFileReference; explicitFileType = wrapper.application; includeInIndex = 0; path = Stockup.app; sourceTree = BUILT_PRODUCTS_DIR; };
		BCDAECC26256419EAED35D045396F691 /* StockupApp.swift */ = {isa = PBXFileReference; lastKnownFileType = sourcecode.swift; path = StockupApp.swift; sourceTree = "<group>"; };
		2A3E64B597E8440192CF4397172243C8 /* ContentView.swift */ = {isa = PBXFileReference; lastKnownFileType = sourcecode.swift; path = ContentView.swift; sourceTree = "<group>"; };
		372179EEF35047FBB8E7A247FD348DB1 /* StockRowView.swift */ = {isa = PBXFileReference; lastKnownFileType = sourcecode.swift; path = StockRowView.swift; sourceTree = "<group>"; };
		59FDCD56BEC0461C903B1040FD20081A /* Stock.swift */ = {isa = PBXFileReference; lastKnownFileType = sourcecode.swift; path = Stock.swift; sourceTree = "<group>"; };
		CD89DABF6694445F8F9DB9B772288E6F /* StockViewModel.swift */ = {isa = PBXFileReference; lastKnownFileType = sourcecode.swift; path = StockViewModel.swift; sourceTree = "<group>"; };
/* End PBXFileReference section */

/* Begin PBXFrameworksBuildPhase section */
		AFB29647B1CE4675A579B39BE3D68A77 /* Frameworks */ = {
			isa = PBXFrameworksBuildPhase;
			buildActionMask = 2147483647;
			files = (
			);
			runOnlyForDeploymentPostprocessing = 0;
		};
/* End PBXFrameworksBuildPhase section */

/* Begin PBXGroup section */
		00068B8B5B194357978D73F260C10064 = {
			isa = PBXGroup;
			children = (
				BCDAECC26256419EAED35D045396F691 /* StockupApp.swift */,
				2A3E64B597E8440192CF4397172243C8 /* ContentView.swift */,
				372179EEF35047FBB8E7A247FD348DB1 /* StockRowView.swift */,
				59FDCD56BEC0461C903B1040FD20081A /* Stock.swift */,
				CD89DABF6694445F8F9DB9B772288E6F /* StockViewModel.swift */,
				6840C925F70D4AD4852032FA792C7E8E /* Products */,
			);
			sourceTree = "<group>";
		};
		6840C925F70D4AD4852032FA792C7E8E /* Products */ = {
			isa = PBXGroup;
			children = (
				9AB5F49DD00C41E79595DB077069BF53 /* Stockup.app */,
			);
			name = Products;
			sourceTree = "<group>";
		};
/* End PBXGroup section */

/* Begin PBXNativeTarget section */
		4FC78071033E41D5BDF9C965B79BBA32 /* Stockup */ = {
			isa = PBXNativeTarget;
			buildConfigurationList = 33FD75625A7A471B8451DC9CC328540F /* Build configuration list for PBXNativeTarget "Stockup" */;
			buildPhases = (
				3125538C40924E618C4DB00BC6727948 /* Sources */,
				AFB29647B1CE4675A579B39BE3D68A77 /* Frameworks */,
			);
			buildRules = (
			);
			dependencies = (
			);
			name = Stockup;
			productName = Stockup;
			productReference = 9AB5F49DD00C41E79595DB077069BF53 /* Stockup.app */;
			productType = "com.apple.product-type.application";
		};
/* End PBXNativeTarget section */

/* Begin PBXProject section */
		8E438F1967774162B8A720B7FF585093 /* Project object */ = {
			isa = PBXProject;
			attributes = {
				BuildIndependentTargetsInParallel = 1;
				LastSwiftUpdateCheck = 1500;
				LastUpgradeCheck = 1500;
			};
			buildConfigurationList = 5AD27CD6AF50403CA6FF7744FFF8602A /* Build configuration list for PBXProject "8E438F1967774162B8A720B7FF585093" */;
			compatibilityVersion = "Xcode 14.0";
			developmentRegion = en;
			hasScannedForEncodings = 0;
			knownRegions = (
				en,
				Base,
			);
			mainGroup = 00068B8B5B194357978D73F260C10064;
			productRefGroup = 6840C925F70D4AD4852032FA792C7E8E /* Products */;
			projectDirPath = "";
			projectRoot = "";
			targets = (
				4FC78071033E41D5BDF9C965B79BBA32 /* Stockup */,
			);
		};
/* End PBXProject section */

/* Begin PBXSourcesBuildPhase section */
		3125538C40924E618C4DB00BC6727948 /* Sources */ = {
			isa = PBXSourcesBuildPhase;
			buildActionMask = 2147483647;
			files = (
				7DE5BDF8151A4AE1BC5C7A7363F345F0 /* StockupApp.swift in Sources */,
				B76205E46ACA4ECCA6F2D1104C8492CB /* ContentView.swift in Sources */,
				64C2747A383540BA848E309F5CA08F1D /* StockRowView.swift in Sources */,
				123F0606C927427DBE4C53C7A937C418 /* Stock.swift in Sources */,
				F2105E945A4F439FA033DC44AC1216A3 /* StockViewModel.swift in Sources */,
			);
			runOnlyForDeploymentPostprocessing = 0;
		};
/* End PBXSourcesBuildPhase section */

/* Begin XCBuildConfiguration section */
		2121E625E296461EB99B3522F5C6A2CE /* Debug */ = {
			isa = XCBuildConfiguration;
			buildSettings = {
				ALWAYS_SEARCH_USER_PATHS = NO;
				ASSETCATALOG_COMPILER_GENERATE_SWIFT_ASSET_SYMBOL_EXTENSIONS = YES;
				CLANG_ANALYZER_NONNULL = YES;
				CLANG_ANALYZER_NUMBER_OBJECT_CONVERSION = YES_AGGRESSIVE;
				CLANG_CXX_LANGUAGE_STANDARD = "gnu++20";
				CLANG_ENABLE_MODULES = YES;
				CLANG_ENABLE_OBJC_ARC = YES;
				CLANG_ENABLE_OBJC_WEAK = YES;
				CLANG_WARN_BLOCK_CAPTURE_AUTORELEASING = YES;
				CLANG_WARN_BOOL_CONVERSION = YES;
				CLANG_WARN_COMMA = YES;
				CLANG_WARN_CONSTANT_CONVERSION = YES;
				CLANG_WARN_DEPRECATED_OBJC_IMPLEMENTATIONS = YES;
				CLANG_WARN_DIRECT_OBJC_ISA_USAGE = YES_ERROR;
				CLANG_WARN_DOCUMENTATION_COMMENTS = YES;
				CLANG_WARN_EMPTY_BODY = YES;
				CLANG_WARN_ENUM_CONVERSION = YES;
				CLANG_WARN_INFINITE_RECURSION = YES;
				CLANG_WARN_INT_CONVERSION = YES;
				CLANG_WARN_NON_LITERAL_NULL_CONVERSION = YES;
				CLANG_WARN_OBJC_IMPLICIT_RETAIN_SELF = YES;
				CLANG_WARN_OBJC_LITERAL_CONVERSION = YES;
				CLANG_WARN_OBJC_ROOT_CLASS = YES_ERROR;
				CLANG_WARN_QUOTED_INCLUDE_IN_FRAMEWORK_HEADER = YES;
				CLANG_WARN_RANGE_LOOP_ANALYSIS = YES;
				CLANG_WARN_STRICT_PROTOTYPES = YES;
				CLANG_WARN_SUSPICIOUS_MOVE = YES;
				CLANG_WARN_UNGUARDED_AVAILABILITY = YES_AGGRESSIVE;
				CLANG_WARN_UNREACHABLE_CODE = YES;
				CLANG_WARN__DUPLICATE_METHOD_MATCH = YES;
				COPY_PHASE_STRIP = NO;
				DEBUG_INFORMATION_FORMAT = dwarf;
				ENABLE_STRICT_OBJC_MSGSEND = YES;
				ENABLE_TESTABILITY = YES;
				ENABLE_USER_SCRIPT_SANDBOXING = YES;
				GCC_C_LANGUAGE_STANDARD = gnu17;
				GCC_DYNAMIC_NO_PIC = NO;
				GCC_NO_COMMON_BLOCKS = YES;
				GCC_OPTIMIZATION_LEVEL = 0;
				GCC_PREPROCESSOR_DEFINITIONS = (
					"DEBUG=1",
					"$(inherited)",
				);
				GCC_WARN_64_TO_32_BIT_CONVERSION = YES;
				GCC_WARN_ABOUT_RETURN_TYPE = YES_ERROR;
				GCC_WARN_UNDECLARED_SELECTOR = YES;
				GCC_WARN_UNINITIALIZED_AUTOS = YES_AGGRESSIVE;
				GCC_WARN_UNUSED_FUNCTION = YES;
				GCC_WARN_UNUSED_VARIABLE = YES;
				LOCALIZATION_PREFERS_STRING_CATALOGS = YES;
				MACOSX_DEPLOYMENT_TARGET = 13.0;
				MTL_ENABLE_DEBUG_INFO = INCLUDE_SOURCE;
				MTL_FAST_MATH = YES;
				ONLY_ACTIVE_ARCH = YES;
				SDKROOT = macosx;
				SWIFT_ACTIVE_COMPILATION_CONDITIONS = "DEBUG $(inherited)";
				SWIFT_OPTIMIZATION_LEVEL = "-Onone";
			};
			name = Debug;
		};
		931F77DA58F040BEA25715C2CDB71C8B /* Release */ = {
			isa = XCBuildConfiguration;
			buildSettings = {
				ALWAYS_SEARCH_USER_PATHS = NO;
				ASSETCATALOG_COMPILER_GENERATE_SWIFT_ASSET_SYMBOL_EXTENSIONS = YES;
				CLANG_ANALYZER_NONNULL = YES;
				CLANG_ANALYZER_NUMBER_OBJECT_CONVERSION = YES_AGGRESSIVE;
				CLANG_CXX_LANGUAGE_STANDARD = "gnu++20";
				CLANG_ENABLE_MODULES = YES;
				CLANG_ENABLE_OBJC_ARC = YES;
				CLANG_ENABLE_OBJC_WEAK = YES;
				CLANG_WARN_BLOCK_CAPTURE_AUTORELEASING = YES;
				CLANG_WARN_BOOL_CONVERSION = YES;
				CLANG_WARN_COMMA = YES;
				CLANG_WARN_CONSTANT_CONVERSION = YES;
				CLANG_WARN_DEPRECATED_OBJC_IMPLEMENTATIONS = YES;
				CLANG_WARN_DIRECT_OBJC_ISA_USAGE = YES_ERROR;
				CLANG_WARN_DOCUMENTATION_COMMENTS = YES;
				CLANG_WARN_EMPTY_BODY = YES;
				CLANG_WARN_ENUM_CONVERSION = YES;
				CLANG_WARN_INFINITE_RECURSION = YES;
				CLANG_WARN_INT_CONVERSION = YES;
				CLANG_WARN_NON_LITERAL_NULL_CONVERSION = YES;
				CLANG_WARN_OBJC_IMPLICIT_RETAIN_SELF = YES;
				CLANG_WARN_OBJC_LITERAL_CONVERSION = YES;
				CLANG_WARN_OBJC_ROOT_CLASS = YES_ERROR;
				CLANG_WARN_QUOTED_INCLUDE_IN_FRAMEWORK_HEADER = YES;
				CLANG_WARN_RANGE_LOOP_ANALYSIS = YES;
				CLANG_WARN_STRICT_PROTOTYPES = YES;
				CLANG_WARN_SUSPICIOUS_MOVE = YES;
				CLANG_WARN_UNGUARDED_AVAILABILITY = YES_AGGRESSIVE;
				CLANG_WARN_UNREACHABLE_CODE = YES;
				CLANG_WARN__DUPLICATE_METHOD_MATCH = YES;
				COPY_PHASE_STRIP = NO;
				DEBUG_INFORMATION_FORMAT = "dwarf-with-dsym";
				ENABLE_NS_ASSERTIONS = NO;
				ENABLE_STRICT_OBJC_MSGSEND = YES;
				ENABLE_USER_SCRIPT_SANDBOXING = YES;
				GCC_C_LANGUAGE_STANDARD = gnu17;
				GCC_NO_COMMON_BLOCKS = YES;
				GCC_WARN_64_TO_32_BIT_CONVERSION = YES;
				GCC_WARN_ABOUT_RETURN_TYPE = YES_ERROR;
				GCC_WARN_UNDECLARED_SELECTOR = YES;
				GCC_WARN_UNINITIALIZED_AUTOS = YES_AGGRESSIVE;
				GCC_WARN_UNUSED_FUNCTION = YES;
				GCC_WARN_UNUSED_VARIABLE = YES;
				LOCALIZATION_PREFERS_STRING_CATALOGS = YES;
				MACOSX_DEPLOYMENT_TARGET = 13.0;
				MTL_ENABLE_DEBUG_INFO = NO;
				MTL_FAST_MATH = YES;
				SDKROOT = macosx;
				SWIFT_COMPILATION_MODE = wholemodule;
				SWIFT_OPTIMIZATION_LEVEL = "-O";
			};
			name = Release;
		};
		10AA84ED38FE40BBB2230CB9DF35AF61 /* Debug */ = {
			isa = XCBuildConfiguration;
			buildSettings = {
				ASSETCATALOG_COMPILER_APPICON_NAME = "";
				ASSETCATALOG_COMPILER_GLOBAL_ACCENT_COLOR_NAME = "";
				CODE_SIGN_ENTITLEMENTS = "";
				CODE_SIGN_STYLE = Automatic;
				COMBINE_HIDPI_IMAGES = YES;
				CURRENT_PROJECT_VERSION = 1;
				DEVELOPMENT_ASSET_PATHS = "";
				ENABLE_PREVIEWS = YES;
				GENERATE_INFOPLIST_FILE = YES;
				INFOPLIST_FILE = "";
				INFOPLIST_KEY_NSHumanReadableCopyright = "";
				LD_RUNPATH_SEARCH_PATHS = (
					"$(inherited)",
					"@executable_path/../Frameworks",
				);
				MARKETING_VERSION = 1.0;
				PRODUCT_BUNDLE_IDENTIFIER = com.stockup.app;
				PRODUCT_NAME = "$(TARGET_NAME)";
				SWIFT_EMIT_LOC_STRINGS = YES;
				SWIFT_VERSION = 5.0;
			};
			name = Debug;
		};
		11C84279B8194627B8C347E3C18A0A50 /* Release */ = {
			isa = XCBuildConfiguration;
			buildSettings = {
				ASSETCATALOG_COMPILER_APPICON_NAME = "";
				ASSETCATALOG_COMPILER_GLOBAL_ACCENT_COLOR_NAME = "";
				CODE_SIGN_ENTITLEMENTS = "";
				CODE_SIGN_STYLE = Automatic;
				COMBINE_HIDPI_IMAGES = YES;
				CURRENT_PROJECT_VERSION = 1;
				DEVELOPMENT_ASSET_PATHS = "";
				ENABLE_PREVIEWS = YES;
				GENERATE_INFOPLIST_FILE = YES;
				INFOPLIST_FILE = "";
				INFOPLIST_KEY_NSHumanReadableCopyright = "";
				LD_RUNPATH_SEARCH_PATHS = (
					"$(inherited)",
					"@executable_path/../Frameworks",
				);
				MARKETING_VERSION = 1.0;
				PRODUCT_BUNDLE_IDENTIFIER = com.stockup.app;
				PRODUCT_NAME = "$(TARGET_NAME)";
				SWIFT_EMIT_LOC_STRINGS = YES;
				SWIFT_VERSION = 5.0;
			};
			name = Release;
		};
/* End XCBuildConfiguration section */

/* Begin XCConfigurationList section */
		5AD27CD6AF50403CA6FF7744FFF8602A /* Build configuration list for PBXProject "8E438F1967774162B8A720B7FF585093" */ = {
			isa = XCConfigurationList;
			buildConfigurations = (
				2121E625E296461EB99B3522F5C6A2CE /* Debug */,
				931F77DA58F040BEA25715C2CDB71C8B /* Release */,
			);
			defaultConfigurationIsVisible = 0;
			defaultConfigurationName = Release;
		};
		33FD75625A7A471B8451DC9CC328540F /* Build configuration list for PBXNativeTarget "Stockup" */ = {
			isa = XCConfigurationList;
			buildConfigurations = (
				10AA84ED38FE40BBB2230CB9DF35AF61 /* Debug */,
				11C84279B8194627B8C347E3C18A0A50 /* Release */,
			);
			defaultConfigurationIsVisible = 0;
			defaultConfigurationName = Release;
		};
/* End XCConfigurationList section */
	};
	rootObject = 8E438F1967774162B8A720B7FF585093 /* Project object */;
}
